
Microsoft Visual Studio Solution File, Format Version 12.00
# Visual Studio Version 16
VisualStudioVersion = 16.0.30011.22
MinimumVisualStudioVersion = 10.0.40219.1
Project("{9A19103F-16F7-4668-BE54-9A1E7A4F7556}") = "QnABotAllFeatures", "bot\QnABotAllFeatures.csproj", "{AAB85540-DA22-4CF7-A7CC-9204765EFF05}"
EndProject
Project("{9A19103F-16F7-4668-BE54-9A1E7A4F7556}") = "Microsoft.Bot.Builder.AI.QnA", "sdk\Microsoft.Bot.Builder.AI.QnA\Microsoft.Bot.Builder.AI.QnA.csproj", "{B810C57C-7D25-4DAC-B895-A38A82CD1756}"
EndProject
Global
	GlobalSection(SolutionConfigurationPlatforms) = preSolution
		Debug|Any CPU = Debug|Any CPU
		Release|Any CPU = Release|Any CPU
	EndGlobalSection
	GlobalSection(ProjectConfigurationPlatforms) = postSolution
		{AAB85540-DA22-4CF7-A7CC-9204765EFF05}.Debug|Any CPU.ActiveCfg = Debug|Any CPU
		{AAB85540-DA22-4CF7-A7CC-9204765EFF05}.Debug|Any CPU.Build.0 = Debug|Any CPU
		{AAB85540-DA22-4CF7-A7CC-9204765EFF05}.Release|Any CPU.ActiveCfg = Release|Any CPU
		{AAB85540-DA22-4CF7-A7CC-9204765EFF05}.Release|Any CPU.Build.0 = Release|Any CPU
		{B810C57C-7D25-4DAC-B895-A38A82CD1756}.Debug|Any CPU.ActiveCfg = Debug|Any CPU
		{B810C57C-7D25-4DAC-B895-A38A82CD1756}.Debug|Any CPU.Build.0 = Debug|Any CPU
		{B810C57C-7D25-4DAC-B895-A38A82CD1756}.Release|Any CPU.ActiveCfg = Release|Any CPU
		{B810C57C-7D25-4DAC-B895-A38A82CD1756}.Release|Any CPU.Build.0 = Release|Any CPU
	EndGlobalSection
	GlobalSection(SolutionProperties) = preSolution
		HideSolutionNode = FALSE
	EndGlobalSection
	GlobalSection(ExtensibilityGlobals) = postSolution
		SolutionGuid = {8AFB06CD-D19C-4114-B6BB-ACD5171FC2C4}
	EndGlobalSection
EndGlobal
